{
  "requires": true,
  "lockfileVersion": 1,
  "dependencies": {
    "@babel/code-frame": {
      "version": "7.5.5",
      "resolved": "https://registry.npmjs.org/@babel/code-frame/-/code-frame-7.5.5.tgz",
      "integrity": "sha512-27d4lZoomVyo51VegxI20xZPuSHusqbQag/ztrBC7wegWoQ1nLREPVSKSW8byhTlzTKyNE4ifaTA6lCp7JjpFw==",
      "dev": true,
      "requires": {
        "@babel/highlight": "^7.0.0"
      }
    },
    "@babel/highlight": {
      "version": "7.5.0",
      "resolved": "https://registry.npmjs.org/@babel/highlight/-/highlight-7.5.0.tgz",
      "integrity": "sha512-7dV4eu9gBxoM0dAnj/BCFDW9LFU0zvTrkq0ugM7pnHEgguOEeOz1so2ZghEdzviYzQEED0r4EAgpsBChKy1TRQ==",
      "dev": true,
      "requires": {
        "chalk": "^2.0.0",
        "esutils": "^2.0.2",
        "js-tokens": "^4.0.0"
      }
    },
    "@babel/runtime": {
      "version": "7.5.5",
      "resolved": "https://registry.npmjs.org/@babel/runtime/-/runtime-7.5.5.tgz",
      "integrity": "sha512-28QvEGyQyNkB0/m2B4FU7IEZGK2NUrcMtT6BZEFALTguLk+AUT6ofsHtPk5QyjAdUkpMJ+/Em+quwz4HOt30AQ==",
      "requires": {
        "regenerator-runtime": "^0.13.2"
      }
    },
    "@emotion/hash": {
      "version": "0.7.2",
      "resolved": "https://registry.npmjs.org/@emotion/hash/-/hash-0.7.2.tgz",
      "integrity": "sha512-RMtr1i6E8MXaBWwhXL3yeOU8JXRnz8GNxHvaUfVvwxokvayUY0zoBeWbKw1S9XkufmGEEdQd228pSZXFkAln8Q=="
    },
    "@material-ui/core": {
      "version": "4.3.1",
      "resolved": "https://registry.npmjs.org/@material-ui/core/-/core-4.3.1.tgz",
      "integrity": "sha512-nzJSYmNsWzaLVf7y0eiDdgWYL850iEOG3HI7Qb/G9YSZfPsqx/+yxx6vIkZCE82VHwvYE92uMP9Ogb3qLYzcOA==",
      "requires": {
        "@babel/runtime": "^7.4.4",
        "@material-ui/styles": "^4.3.0",
        "@material-ui/system": "^4.3.2",
        "@material-ui/types": "^4.1.1",
        "@material-ui/utils": "^4.3.0",
        "@types/react-transition-group": "^4.2.0",
        "clsx": "^1.0.2",
        "convert-css-length": "^2.0.1",
        "deepmerge": "^4.0.0",
        "hoist-non-react-statics": "^3.2.1",
        "is-plain-object": "^3.0.0",
        "normalize-scroll-left": "^0.2.0",
        "popper.js": "^1.14.1",
        "prop-types": "^15.7.2",
        "react-transition-group": "^4.0.0",
        "warning": "^4.0.1"
      }
    },
    "@material-ui/styles": {
      "version": "4.3.0",
      "resolved": "https://registry.npmjs.org/@material-ui/styles/-/styles-4.3.0.tgz",
      "integrity": "sha512-7yOu+IOvbTVM+LfFJ0c7RZKksSpi2PmPwMhVnAKo1Ca3Nadjd950ALL6WG+R/W3C3GqakUvOqA5OLMvN/8N2jg==",
      "requires": {
        "@babel/runtime": "^7.4.4",
        "@emotion/hash": "^0.7.1",
        "@material-ui/types": "^4.1.1",
        "@material-ui/utils": "^4.1.0",
        "clsx": "^1.0.2",
        "csstype": "^2.5.2",
        "deepmerge": "^4.0.0",
        "hoist-non-react-statics": "^3.2.1",
        "jss": "10.0.0-alpha.23",
        "jss-plugin-camel-case": "10.0.0-alpha.23",
        "jss-plugin-default-unit": "10.0.0-alpha.23",
        "jss-plugin-global": "10.0.0-alpha.23",
        "jss-plugin-nested": "10.0.0-alpha.23",
        "jss-plugin-props-sort": "10.0.0-alpha.23",
        "jss-plugin-rule-value-function": "10.0.0-alpha.23",
        "jss-plugin-vendor-prefixer": "10.0.0-alpha.23",
        "prop-types": "^15.7.2",
        "warning": "^4.0.1"
      }
    },
    "@material-ui/system": {
      "version": "4.3.2",
      "resolved": "https://registry.npmjs.org/@material-ui/system/-/system-4.3.2.tgz",
      "integrity": "sha512-jSQLtjKvD956UgEeh4b9ojg4gSrlLpuNvlZzS2ML6KWW7gCXhGx0tKMbpUn4qHzD5IpoF+86SS8JFBWdYdnH0Q==",
      "requires": {
        "@babel/runtime": "^7.4.4",
        "deepmerge": "^4.0.0",
        "prop-types": "^15.7.2",
        "warning": "^4.0.1"
      }
    },
    "@material-ui/types": {
      "version": "4.1.1",
      "resolved": "https://registry.npmjs.org/@material-ui/types/-/types-4.1.1.tgz",
      "integrity": "sha512-AN+GZNXytX9yxGi0JOfxHrRTbhFybjUJ05rnsBVjcB+16e466Z0Xe5IxawuOayVZgTBNDxmPKo5j4V6OnMtaSQ==",
      "requires": {
        "@types/react": "*"
      }
    },
    "@material-ui/utils": {
      "version": "4.3.0",
      "resolved": "https://registry.npmjs.org/@material-ui/utils/-/utils-4.3.0.tgz",
      "integrity": "sha512-tK3Z/ap5ifPQwIryuGQ+AHLh2hEyBLRPj4NCMcqVrQfD+0KH2IP5BXR4A+wGVsyamKfLaOc8tz1fzxZblsztpw==",
      "requires": {
        "@babel/runtime": "^7.4.4",
        "prop-types": "^15.7.2",
        "react-is": "^16.8.6"
      }
    },
    "@types/prop-types": {
      "version": "15.7.1",
      "resolved": "https://registry.npmjs.org/@types/prop-types/-/prop-types-15.7.1.tgz",
      "integrity": "sha512-CFzn9idOEpHrgdw8JsoTkaDDyRWk1jrzIV8djzcgpq0y9tG4B4lFT+Nxh52DVpDXV+n4+NPNv7M1Dj5uMp6XFg=="
    },
    "@types/react": {
      "version": "16.8.24",
      "resolved": "https://registry.npmjs.org/@types/react/-/react-16.8.24.tgz",
      "integrity": "sha512-VpFHUoD37YNY2+lr/+c7qL/tZsIU/bKuskUF3tmGUArbxIcQdb5j3zvo4cuuzu2A6UaVmVn7sJ4PgWYNFEBGzg==",
      "requires": {
        "@types/prop-types": "*",
        "csstype": "^2.2.0"
      }
    },
    "@types/react-transition-group": {
      "version": "4.2.0",
      "resolved": "https://registry.npmjs.org/@types/react-transition-group/-/react-transition-group-4.2.0.tgz",
      "integrity": "sha512-8KkpFRwqS9U1dtVVw1kt/MmWgLmbd5iK5TgqsaeC7fAm74J4j/HiBiRC8eETvwjGGju48RAwyZ3l5iv1H1x93Q==",
      "requires": {
        "@types/react": "*"
      }
    },
    "ansi-styles": {
      "version": "3.2.1",
      "resolved": "https://registry.npmjs.org/ansi-styles/-/ansi-styles-3.2.1.tgz",
      "integrity": "sha512-VT0ZI6kZRdTh8YyJw3SMbYm/u+NqfsAxEpWO0Pf9sq8/e94WxxOpPKx9FR1FlyCtOVDNOQ+8ntlqFxiRc+r5qA==",
      "dev": true,
      "requires": {
        "color-convert": "^1.9.0"
      }
    },
    "argparse": {
      "version": "1.0.10",
      "resolved": "https://registry.npmjs.org/argparse/-/argparse-1.0.10.tgz",
      "integrity": "sha512-o5Roy6tNG4SL/FOkCAN6RzjiakZS25RLYFrcMttJqbdd8BWrnA+fGz57iN5Pb06pvBGvl5gQ0B48dJlslXvoTg==",
      "dev": true,
      "requires": {
        "sprintf-js": "~1.0.2"
      }
    },
    "balanced-match": {
      "version": "1.0.0",
      "resolved": "https://registry.npmjs.org/balanced-match/-/balanced-match-1.0.0.tgz",
      "integrity": "sha1-ibTRmasr7kneFk6gK4nORi1xt2c=",
      "dev": true
    },
    "brace-expansion": {
      "version": "1.1.11",
      "resolved": "https://registry.npmjs.org/brace-expansion/-/brace-expansion-1.1.11.tgz",
      "integrity": "sha512-iCuPHDFgrHX7H2vEI/5xpz07zSHB00TpugqhmYtVmMO6518mCuRMoOYFldEBl0g187ufozdaHgWKcYFb61qGiA==",
      "dev": true,
      "requires": {
        "balanced-match": "^1.0.0",
        "concat-map": "0.0.1"
      }
    },
    "builtin-modules": {
      "version": "1.1.1",
      "resolved": "https://registry.npmjs.org/builtin-modules/-/builtin-modules-1.1.1.tgz",
      "integrity": "sha1-Jw8HbFpywC9bZaR9+Uxf46J4iS8=",
      "dev": true
    },
    "chalk": {
      "version": "2.4.2",
      "resolved": "https://registry.npmjs.org/chalk/-/chalk-2.4.2.tgz",
      "integrity": "sha512-Mti+f9lpJNcwF4tWV8/OrTTtF1gZi+f8FqlyAdouralcFWFQWF2+NgCHShjkCb+IFBLq9buZwE1xckQU4peSuQ==",
      "dev": true,
      "requires": {
        "ansi-styles": "^3.2.1",
        "escape-string-regexp": "^1.0.5",
        "supports-color": "^5.3.0"
      }
    },
    "clsx": {
      "version": "1.0.4",
      "resolved": "https://registry.npmjs.org/clsx/-/clsx-1.0.4.tgz",
      "integrity": "sha512-1mQ557MIZTrL/140j+JVdRM6e31/OA4vTYxXgqIIZlndyfjHpyawKZia1Im05Vp9BWmImkcNrNtFYQMyFcgJDg=="
    },
    "color-convert": {
      "version": "1.9.3",
      "resolved": "https://registry.npmjs.org/color-convert/-/color-convert-1.9.3.tgz",
      "integrity": "sha512-QfAUtd+vFdAtFQcC8CCyYt1fYWxSqAiK2cSD6zDB8N3cpsEBAvRxp9zOGg6G/SHHJYAT88/az/IuDGALsNVbGg==",
      "dev": true,
      "requires": {
        "color-name": "1.1.3"
      }
    },
    "color-name": {
      "version": "1.1.3",
      "resolved": "https://registry.npmjs.org/color-name/-/color-name-1.1.3.tgz",
      "integrity": "sha1-p9BVi9icQveV3UIyj3QIMcpTvCU=",
      "dev": true
    },
    "commander": {
      "version": "2.20.0",
      "resolved": "https://registry.npmjs.org/commander/-/commander-2.20.0.tgz",
      "integrity": "sha512-7j2y+40w61zy6YC2iRNpUe/NwhNyoXrYpHMrSunaMG64nRnaf96zO/KMQR4OyN/UnE5KLyEBnKHd4aG3rskjpQ==",
      "dev": true
    },
    "concat-map": {
      "version": "0.0.1",
      "resolved": "https://registry.npmjs.org/concat-map/-/concat-map-0.0.1.tgz",
      "integrity": "sha1-2Klr13/Wjfd5OnMDajug1UBdR3s=",
      "dev": true
    },
    "convert-css-length": {
      "version": "2.0.1",
      "resolved": "https://registry.npmjs.org/convert-css-length/-/convert-css-length-2.0.1.tgz",
      "integrity": "sha512-iGpbcvhLPRKUbBc0Quxx7w/bV14AC3ItuBEGMahA5WTYqB8lq9jH0kTXFheCBASsYnqeMFZhiTruNxr1N59Axg=="
    },
    "css-vendor": {
      "version": "2.0.5",
      "resolved": "https://registry.npmjs.org/css-vendor/-/css-vendor-2.0.5.tgz",
      "integrity": "sha512-36w+4Cg0zqFIt5TAkaM3proB6XWh5kSGmbddRCPdrRLQiYNfHPTgaWPOlCrcuZIO0iAtrG+5wsHJZ6jj8AUULA==",
      "requires": {
        "@babel/runtime": "^7.3.1",
        "is-in-browser": "^1.0.2"
      }
    },
    "csstype": {
      "version": "2.6.6",
      "resolved": "https://registry.npmjs.org/csstype/-/csstype-2.6.6.tgz",
      "integrity": "sha512-RpFbQGUE74iyPgvr46U9t1xoQBM8T4BL8SxrN66Le2xYAPSaDJJKeztV3awugusb3g3G9iL8StmkBBXhcbbXhg=="
    },
    "deepmerge": {
      "version": "4.0.0",
      "resolved": "https://registry.npmjs.org/deepmerge/-/deepmerge-4.0.0.tgz",
      "integrity": "sha512-YZ1rOP5+kHor4hMAH+HRQnBQHg+wvS1un1hAOuIcxcBy0hzcUf6Jg2a1w65kpoOUnurOfZbERwjI1TfZxNjcww=="
    },
    "diff": {
      "version": "4.0.1",
      "resolved": "https://registry.npmjs.org/diff/-/diff-4.0.1.tgz",
      "integrity": "sha512-s2+XdvhPCOF01LRQBC8hf4vhbVmI2CGS5aZnxLJlT5FtdhPCDFq80q++zK2KlrVorVDdL5BOGZ/VfLrVtYNF+Q==",
      "dev": true
    },
    "dom-helpers": {
      "version": "3.4.0",
      "resolved": "https://registry.npmjs.org/dom-helpers/-/dom-helpers-3.4.0.tgz",
      "integrity": "sha512-LnuPJ+dwqKDIyotW1VzmOZ5TONUN7CwkCR5hrgawTUbkBGYdeoNLZo6nNfGkCrjtE1nXXaj7iMMpDa8/d9WoIA==",
      "requires": {
        "@babel/runtime": "^7.1.2"
      }
    },
    "escape-string-regexp": {
      "version": "1.0.5",
      "resolved": "https://registry.npmjs.org/escape-string-regexp/-/escape-string-regexp-1.0.5.tgz",
      "integrity": "sha1-G2HAViGQqN/2rjuyzwIAyhMLhtQ=",
      "dev": true
    },
    "esprima": {
      "version": "4.0.1",
      "resolved": "https://registry.npmjs.org/esprima/-/esprima-4.0.1.tgz",
      "integrity": "sha512-eGuFFw7Upda+g4p+QHvnW0RyTX/SVeJBDM/gCtMARO0cLuT2HcEKnTPvhjV6aGeqrCB/sbNop0Kszm0jsaWU4A==",
      "dev": true
    },
    "esutils": {
      "version": "2.0.3",
      "resolved": "https://registry.npmjs.org/esutils/-/esutils-2.0.3.tgz",
      "integrity": "sha512-kVscqXk4OCp68SZ0dkgEKVi6/8ij300KBWTJq32P/dYeWTSwK41WyTxalN1eRmA5Z9UU/LX9D7FWSmV9SAYx6g==",
      "dev": true
    },
    "fs.realpath": {
      "version": "1.0.0",
      "resolved": "https://registry.npmjs.org/fs.realpath/-/fs.realpath-1.0.0.tgz",
      "integrity": "sha1-FQStJSMVjKpA20onh8sBQRmU6k8=",
      "dev": true
    },
    "glob": {
      "version": "7.1.4",
      "resolved": "https://registry.npmjs.org/glob/-/glob-7.1.4.tgz",
      "integrity": "sha512-hkLPepehmnKk41pUGm3sYxoFs/umurYfYJCerbXEyFIWcAzvpipAgVkBqqT9RBKMGjnq6kMuyYwha6csxbiM1A==",
      "dev": true,
      "requires": {
        "fs.realpath": "^1.0.0",
        "inflight": "^1.0.4",
        "inherits": "2",
        "minimatch": "^3.0.4",
        "once": "^1.3.0",
        "path-is-absolute": "^1.0.0"
      }
    },
    "has-flag": {
      "version": "3.0.0",
      "resolved": "https://registry.npmjs.org/has-flag/-/has-flag-3.0.0.tgz",
      "integrity": "sha1-tdRU3CGZriJWmfNGfloH87lVuv0=",
      "dev": true
    },
    "hoist-non-react-statics": {
      "version": "3.3.0",
      "resolved": "https://registry.npmjs.org/hoist-non-react-statics/-/hoist-non-react-statics-3.3.0.tgz",
      "integrity": "sha512-0XsbTXxgiaCDYDIWFcwkmerZPSwywfUqYmwT4jzewKTQSWoE6FCMoUVOeBJWK3E/CrWbxRG3m5GzY4lnIwGRBA==",
      "requires": {
        "react-is": "^16.7.0"
      }
    },
    "hyphenate-style-name": {
      "version": "1.0.3",
      "resolved": "https://registry.npmjs.org/hyphenate-style-name/-/hyphenate-style-name-1.0.3.tgz",
      "integrity": "sha512-EcuixamT82oplpoJ2XU4pDtKGWQ7b00CD9f1ug9IaQ3p1bkHMiKCZ9ut9QDI6qsa6cpUuB+A/I+zLtdNK4n2DQ=="
    },
    "inflight": {
      "version": "1.0.6",
      "resolved": "https://registry.npmjs.org/inflight/-/inflight-1.0.6.tgz",
      "integrity": "sha1-Sb1jMdfQLQwJvJEKEHW6gWW1bfk=",
      "dev": true,
      "requires": {
        "once": "^1.3.0",
        "wrappy": "1"
      }
    },
    "inherits": {
      "version": "2.0.4",
      "resolved": "https://registry.npmjs.org/inherits/-/inherits-2.0.4.tgz",
      "integrity": "sha512-k/vGaX4/Yla3WzyMCvTQOXYeIHvqOKtnqBduzTHpzpQZzAskKMhZ2K+EnBiSM9zGSoIFeMpXKxa4dYeZIQqewQ==",
      "dev": true
    },
    "is-in-browser": {
      "version": "1.1.3",
      "resolved": "https://registry.npmjs.org/is-in-browser/-/is-in-browser-1.1.3.tgz",
      "integrity": "sha1-Vv9NtoOgeMYILrldrX3GLh0E+DU="
    },
    "is-plain-object": {
      "version": "3.0.0",
      "resolved": "https://registry.npmjs.org/is-plain-object/-/is-plain-object-3.0.0.tgz",
      "integrity": "sha512-tZIpofR+P05k8Aocp7UI/2UTa9lTJSebCXpFFoR9aibpokDj/uXBsJ8luUu0tTVYKkMU6URDUuOfJZ7koewXvg==",
      "requires": {
        "isobject": "^4.0.0"
      }
    },
    "isobject": {
      "version": "4.0.0",
      "resolved": "https://registry.npmjs.org/isobject/-/isobject-4.0.0.tgz",
      "integrity": "sha512-S/2fF5wH8SJA/kmwr6HYhK/RI/OkhD84k8ntalo0iJjZikgq1XFvR5M8NPT1x5F7fBwCG3qHfnzeP/Vh/ZxCUA=="
    },
    "js-tokens": {
      "version": "4.0.0",
      "resolved": "https://registry.npmjs.org/js-tokens/-/js-tokens-4.0.0.tgz",
      "integrity": "sha512-RdJUflcE3cUzKiMqQgsCu06FPu9UdIJO0beYbPhHN4k6apgJtifcoCtT9bcxOpYBtpD2kCM6Sbzg4CausW/PKQ=="
    },
    "js-yaml": {
      "version": "3.13.1",
      "resolved": "https://registry.npmjs.org/js-yaml/-/js-yaml-3.13.1.tgz",
      "integrity": "sha512-YfbcO7jXDdyj0DGxYVSlSeQNHbD7XPWvrVWeVUujrQEoZzWJIRrCPoyk6kL6IAjAG2IolMK4T0hNUe0HOUs5Jw==",
      "dev": true,
      "requires": {
        "argparse": "^1.0.7",
        "esprima": "^4.0.0"
      }
    },
    "jss": {
      "version": "10.0.0-alpha.23",
      "resolved": "https://registry.npmjs.org/jss/-/jss-10.0.0-alpha.23.tgz",
      "integrity": "sha512-r3fg6nrNdqxhaE4s3ZkyEmpVTb2UUmSu0uhKrvfSAy+N45MmlLmhgyFFaUyJOvFJzm69XYXM2Q62VhGccV6qMA==",
      "requires": {
        "@babel/runtime": "^7.3.1",
        "csstype": "^2.6.5",
        "is-in-browser": "^1.1.3",
        "tiny-warning": "^1.0.2"
      }
    },
    "jss-plugin-camel-case": {
      "version": "10.0.0-alpha.23",
      "resolved": "https://registry.npmjs.org/jss-plugin-camel-case/-/jss-plugin-camel-case-10.0.0-alpha.23.tgz",
      "integrity": "sha512-QaXi/t4Efx0BhwbVf6GCcpn/IDAP9cK/GJoWBoAIVM9BAj7RXBU0UifFojRbeDGDtpf5djDWCOMviydYiWYYWg==",
      "requires": {
        "@babel/runtime": "^7.3.1",
        "hyphenate-style-name": "^1.0.3",
        "jss": "10.0.0-alpha.23"
      }
    },
    "jss-plugin-default-unit": {
      "version": "10.0.0-alpha.23",
      "resolved": "https://registry.npmjs.org/jss-plugin-default-unit/-/jss-plugin-default-unit-10.0.0-alpha.23.tgz",
      "integrity": "sha512-XE4CcrQMF2rI6TL+/bJUDVlmgIqOax8uCPLZxZnqUFTbH0cM9f66OhRIe51yECfAb1nAiHalZtkUv2kfycLVjQ==",
      "requires": {
        "@babel/runtime": "^7.3.1",
        "jss": "10.0.0-alpha.23"
      }
    },
    "jss-plugin-global": {
      "version": "10.0.0-alpha.23",
      "resolved": "https://registry.npmjs.org/jss-plugin-global/-/jss-plugin-global-10.0.0-alpha.23.tgz",
      "integrity": "sha512-uaoO4yp24dtvKiMd8fLzy2Of3rDSzA9e1y8mHw4vNDTPDSF39pYfpAxxnGnvRadsAVlZGgj4Ro+LveLz8ZUHgw==",
      "requires": {
        "@babel/runtime": "^7.3.1",
        "jss": "10.0.0-alpha.23"
      }
    },
    "jss-plugin-nested": {
      "version": "10.0.0-alpha.23",
      "resolved": "https://registry.npmjs.org/jss-plugin-nested/-/jss-plugin-nested-10.0.0-alpha.23.tgz",
      "integrity": "sha512-xHoBBUz9U8INvizthl0k9u79z+ObzY0HvzPy7+BKxySQzHSTLG40iRYizJo7Antq7uH8i8uI/5RgS/7dy+YVSQ==",
      "requires": {
        "@babel/runtime": "^7.3.1",
        "jss": "10.0.0-alpha.23",
        "tiny-warning": "^1.0.2"
      }
    },
    "jss-plugin-props-sort": {
      "version": "10.0.0-alpha.23",
      "resolved": "https://registry.npmjs.org/jss-plugin-props-sort/-/jss-plugin-props-sort-10.0.0-alpha.23.tgz",
      "integrity": "sha512-/h6epoQ/ta61e6rG3/Pq47qPlg9YX5t2rSKJBLzaASEe/KfxjVvnbJKC8tE27lG6TjwbeWpKONuJfZxjWKLnDg==",
      "requires": {
        "@babel/runtime": "^7.3.1",
        "jss": "10.0.0-alpha.23"
      }
    },
    "jss-plugin-rule-value-function": {
      "version": "10.0.0-alpha.23",
      "resolved": "https://registry.npmjs.org/jss-plugin-rule-value-function/-/jss-plugin-rule-value-function-10.0.0-alpha.23.tgz",
      "integrity": "sha512-N0g7x6RzeEj+GI5303JOUTyo5x7/F+0SRJv3R0lAUSS782mZipcvpFzHlEz3q5g+0t/bhbOLT6i0RYAhN3IW7g==",
      "requires": {
        "@babel/runtime": "^7.3.1",
        "jss": "10.0.0-alpha.23"
      }
    },
    "jss-plugin-vendor-prefixer": {
      "version": "10.0.0-alpha.23",
      "resolved": "https://registry.npmjs.org/jss-plugin-vendor-prefixer/-/jss-plugin-vendor-prefixer-10.0.0-alpha.23.tgz",
      "integrity": "sha512-WtTXR+H1tGGhmEP3kqDawxnV1tbXboxtJ93A1O9p+7OLseafIaQoPkMPKEh5a+P4jzETIqmQoJJoG5KmT/Tgsg==",
      "requires": {
        "@babel/runtime": "^7.3.1",
        "css-vendor": "^2.0.5",
        "jss": "10.0.0-alpha.23"
      }
    },
    "loose-envify": {
      "version": "1.4.0",
      "resolved": "https://registry.npmjs.org/loose-envify/-/loose-envify-1.4.0.tgz",
      "integrity": "sha512-lyuxPGr/Wfhrlem2CL/UcnUc1zcqKAImBDzukY7Y5F/yQiNdko6+fRLevlw1HgMySw7f611UIY408EtxRSoK3Q==",
      "requires": {
        "js-tokens": "^3.0.0 || ^4.0.0"
      }
    },
    "minimatch": {
      "version": "3.0.4",
      "resolved": "https://registry.npmjs.org/minimatch/-/minimatch-3.0.4.tgz",
      "integrity": "sha512-yJHVQEhyqPLUTgt9B83PXu6W3rx4MvvHvSUvToogpwoGDOUQ+yDrR0HRot+yOCdCO7u4hX3pWft6kWBBcqh0UA==",
      "dev": true,
      "requires": {
        "brace-expansion": "^1.1.7"
      }
    },
    "minimist": {
      "version": "0.0.8",
      "resolved": "https://registry.npmjs.org/minimist/-/minimist-0.0.8.tgz",
      "integrity": "sha1-hX/Kv8M5fSYluCKCYuhqp6ARsF0=",
      "dev": true
    },
    "mkdirp": {
      "version": "0.5.1",
      "resolved": "https://registry.npmjs.org/mkdirp/-/mkdirp-0.5.1.tgz",
      "integrity": "sha1-MAV0OOrGz3+MR2fzhkjWaX11yQM=",
      "dev": true,
      "requires": {
        "minimist": "0.0.8"
      }
    },
    "normalize-scroll-left": {
      "version": "0.2.0",
      "resolved": "https://registry.npmjs.org/normalize-scroll-left/-/normalize-scroll-left-0.2.0.tgz",
      "integrity": "sha512-t5oCENZJl8TGusJKoCJm7+asaSsPuNmK6+iEjrZ5TyBj2f02brCRsd4c83hwtu+e5d4LCSBZ0uoDlMjBo+A8yA=="
    },
    "object-assign": {
      "version": "4.1.1",
      "resolved": "https://registry.npmjs.org/object-assign/-/object-assign-4.1.1.tgz",
      "integrity": "sha1-IQmtx5ZYh8/AXLvUQsrIv7s2CGM="
    },
    "once": {
      "version": "1.4.0",
      "resolved": "https://registry.npmjs.org/once/-/once-1.4.0.tgz",
      "integrity": "sha1-WDsap3WWHUsROsF9nFC6753Xa9E=",
      "dev": true,
      "requires": {
        "wrappy": "1"
      }
    },
    "path-is-absolute": {
      "version": "1.0.1",
      "resolved": "https://registry.npmjs.org/path-is-absolute/-/path-is-absolute-1.0.1.tgz",
      "integrity": "sha1-F0uSaHNVNP+8es5r9TpanhtcX18=",
      "dev": true
    },
    "path-parse": {
      "version": "1.0.6",
      "resolved": "https://registry.npmjs.org/path-parse/-/path-parse-1.0.6.tgz",
      "integrity": "sha512-GSmOT2EbHrINBf9SR7CDELwlJ8AENk3Qn7OikK4nFYAu3Ote2+JYNVvkpAEQm3/TLNEJFD/xZJjzyxg3KBWOzw==",
      "dev": true
    },
    "popper.js": {
      "version": "1.15.0",
      "resolved": "https://registry.npmjs.org/popper.js/-/popper.js-1.15.0.tgz",
      "integrity": "sha512-w010cY1oCUmI+9KwwlWki+r5jxKfTFDVoadl7MSrIujHU5MJ5OR6HTDj6Xo8aoR/QsA56x8jKjA59qGH4ELtrA=="
    },
    "prop-types": {
      "version": "15.7.2",
      "resolved": "https://registry.npmjs.org/prop-types/-/prop-types-15.7.2.tgz",
      "integrity": "sha512-8QQikdH7//R2vurIJSutZ1smHYTcLpRWEOlHnzcWHmBYrOGUysKwSsrC89BCiFj3CbrfJ/nXFdJepOVrY1GCHQ==",
      "requires": {
        "loose-envify": "^1.4.0",
        "object-assign": "^4.1.1",
        "react-is": "^16.8.1"
      }
    },
    "react-is": {
      "version": "16.8.6",
      "resolved": "https://registry.npmjs.org/react-is/-/react-is-16.8.6.tgz",
      "integrity": "sha512-aUk3bHfZ2bRSVFFbbeVS4i+lNPZr3/WM5jT2J5omUVV1zzcs1nAaf3l51ctA5FFvCRbhrH0bdAsRRQddFJZPtA=="
    },
    "react-transition-group": {
      "version": "4.2.2",
      "resolved": "https://registry.npmjs.org/react-transition-group/-/react-transition-group-4.2.2.tgz",
      "integrity": "sha512-uP0tjqewtvjb7kGZFpZYPoD/NlVZmIgts9eTt1w35pAaEApPxQGv94lD3VkqyXf2aMqrSGwhs6EV/DLaoKbLSw==",
      "requires": {
        "@babel/runtime": "^7.4.5",
        "dom-helpers": "^3.4.0",
        "loose-envify": "^1.4.0",
        "prop-types": "^15.6.2"
      }
    },
    "regenerator-runtime": {
      "version": "0.13.3",
      "resolved": "https://registry.npmjs.org/regenerator-runtime/-/regenerator-runtime-0.13.3.tgz",
      "integrity": "sha512-naKIZz2GQ8JWh///G7L3X6LaQUAMp2lvb1rvwwsURe/VXwD6VMfr+/1NuNw3ag8v2kY1aQ/go5SNn79O9JU7yw=="
    },
    "resolve": {
      "version": "1.12.0",
      "resolved": "https://registry.npmjs.org/resolve/-/resolve-1.12.0.tgz",
      "integrity": "sha512-B/dOmuoAik5bKcD6s6nXDCjzUKnaDvdkRyAk6rsmsKLipWj4797iothd7jmmUhWTfinVMU+wc56rYKsit2Qy4w==",
      "dev": true,
      "requires": {
        "path-parse": "^1.0.6"
      }
    },
    "semver": {
      "version": "5.7.1",
      "resolved": "https://registry.npmjs.org/semver/-/semver-5.7.1.tgz",
      "integrity": "sha512-sauaDf/PZdVgrLTNYHRtpXa1iRiKcaebiKQ1BJdpQlWH2lCvexQdX55snPFyK7QzpudqbCI0qXFfOasHdyNDGQ==",
      "dev": true
    },
    "sprintf-js": {
      "version": "1.0.3",
      "resolved": "https://registry.npmjs.org/sprintf-js/-/sprintf-js-1.0.3.tgz",
      "integrity": "sha1-BOaSb2YolTVPPdAVIDYzuFcpfiw=",
      "dev": true
    },
    "supports-color": {
      "version": "5.5.0",
      "resolved": "https://registry.npmjs.org/supports-color/-/supports-color-5.5.0.tgz",
      "integrity": "sha512-QjVjwdXIt408MIiAqCX4oUKsgU2EqAGzs2Ppkm4aQYbjm+ZEWEcW4SfFNTr4uMNZma0ey4f5lgLrkB0aX0QMow==",
      "dev": true,
      "requires": {
        "has-flag": "^3.0.0"
      }
    },
    "tiny-warning": {
      "version": "1.0.3",
      "resolved": "https://registry.npmjs.org/tiny-warning/-/tiny-warning-1.0.3.tgz",
      "integrity": "sha512-lBN9zLN/oAf68o3zNXYrdCt1kP8WsiGW8Oo2ka41b2IM5JL/S1CTyX1rW0mb/zSuJun0ZUrDxx4sqvYS2FWzPA=="
    },
    "tslib": {
      "version": "1.10.0",
      "resolved": "https://registry.npmjs.org/tslib/-/tslib-1.10.0.tgz",
      "integrity": "sha512-qOebF53frne81cf0S9B41ByenJ3/IuH8yJKngAX35CmiZySA0khhkovshKK+jGCaMnVomla7gVlIcc3EvKPbTQ==",
      "dev": true
    },
    "tslint": {
      "version": "5.20.0",
      "resolved": "https://registry.npmjs.org/tslint/-/tslint-5.20.0.tgz",
      "integrity": "sha512-2vqIvkMHbnx8acMogAERQ/IuINOq6DFqgF8/VDvhEkBqQh/x6SP0Y+OHnKth9/ZcHQSroOZwUQSN18v8KKF0/g==",
      "dev": true,
      "requires": {
        "@babel/code-frame": "^7.0.0",
        "builtin-modules": "^1.1.1",
        "chalk": "^2.3.0",
        "commander": "^2.12.1",
        "diff": "^4.0.1",
        "glob": "^7.1.1",
        "js-yaml": "^3.13.1",
        "minimatch": "^3.0.4",
        "mkdirp": "^0.5.1",
        "resolve": "^1.3.2",
        "semver": "^5.3.0",
        "tslib": "^1.8.0",
        "tsutils": "^2.29.0"
      }
    },
    "tsutils": {
      "version": "2.29.0",
      "resolved": "https://registry.npmjs.org/tsutils/-/tsutils-2.29.0.tgz",
      "integrity": "sha512-g5JVHCIJwzfISaXpXE1qvNalca5Jwob6FjI4AoPlqMusJ6ftFE7IkkFoMhVLRgK+4Kx3gkzb8UZK5t5yTTvEmA==",
      "dev": true,
      "requires": {
        "tslib": "^1.8.1"
      }
    },
    "typescript": {
      "version": "3.6.3",
      "resolved": "https://registry.npmjs.org/typescript/-/typescript-3.6.3.tgz",
      "integrity": "sha512-N7bceJL1CtRQ2RiG0AQME13ksR7DiuQh/QehubYcghzv20tnh+MQnQIuJddTmsbqYj+dztchykemz0zFzlvdQw==",
      "dev": true
    },
    "warning": {
      "version": "4.0.3",
      "resolved": "https://registry.npmjs.org/warning/-/warning-4.0.3.tgz",
      "integrity": "sha512-rpJyN222KWIvHJ/F53XSZv0Zl/accqHR8et1kpaMTD/fLCRxtV8iX8czMzY7sVZupTI3zcUTg8eycS2kNF9l6w==",
      "requires": {
        "loose-envify": "^1.0.0"
      }
    },
    "wrappy": {
      "version": "1.0.2",
      "resolved": "https://registry.npmjs.org/wrappy/-/wrappy-1.0.2.tgz",
      "integrity": "sha1-tSQ9jz7BqjXxNkYFvA0QNuMKtp8=",
      "dev": true
    }
  }
}
